
Microsoft Visual Studio Solution File, Format Version 12.00
# Visual Studio Version 16
VisualStudioVersion = 16.0.32602.291
MinimumVisualStudioVersion = 10.0.40219.1
Project("{FAE04EC0-301F-11D3-BF4B-00C04F79EFBC}") = "TRMDataManager", "TRMDataManager\TRMDataManager.csproj", "{225F5059-EB8D-45D0-A427-6E86414664BE}"
EndProject
Project("{00D1A9C2-B5F0-4AF3-8072-F6C62B433612}") = "Database1", "Database1\Database1.sqlproj", "{022C940C-5C39-4A2F-82EB-E87CE37688F7}"
EndProject
Project("{FAE04EC0-301F-11D3-BF4B-00C04F79EFBC}") = "TRMDesktopUI", "TRMDesktopUI\TRMDesktopUI.csproj", "{F9F283C2-DA6C-49B2-B3F6-687CCBBCABFB}"
EndProject
Global
	GlobalSection(SolutionConfigurationPlatforms) = preSolution
		Debug|Any CPU = Debug|Any CPU
		Release|Any CPU = Release|Any CPU
	EndGlobalSection
	GlobalSection(ProjectConfigurationPlatforms) = postSolution
		{225F5059-EB8D-45D0-A427-6E86414664BE}.Debug|Any CPU.ActiveCfg = Debug|Any CPU
		{225F5059-EB8D-45D0-A427-6E86414664BE}.Debug|Any CPU.Build.0 = Debug|Any CPU
		{225F5059-EB8D-45D0-A427-6E86414664BE}.Release|Any CPU.ActiveCfg = Release|Any CPU
		{225F5059-EB8D-45D0-A427-6E86414664BE}.Release|Any CPU.Build.0 = Release|Any CPU
		{022C940C-5C39-4A2F-82EB-E87CE37688F7}.Debug|Any CPU.ActiveCfg = Debug|Any CPU
		{022C940C-5C39-4A2F-82EB-E87CE37688F7}.Debug|Any CPU.Build.0 = Debug|Any CPU
		{022C940C-5C39-4A2F-82EB-E87CE37688F7}.Debug|Any CPU.Deploy.0 = Debug|Any CPU
		{022C940C-5C39-4A2F-82EB-E87CE37688F7}.Release|Any CPU.ActiveCfg = Release|Any CPU
		{022C940C-5C39-4A2F-82EB-E87CE37688F7}.Release|Any CPU.Build.0 = Release|Any CPU
		{022C940C-5C39-4A2F-82EB-E87CE37688F7}.Release|Any CPU.Deploy.0 = Release|Any CPU
		{F9F283C2-DA6C-49B2-B3F6-687CCBBCABFB}.Debug|Any CPU.ActiveCfg = Debug|Any CPU
		{F9F283C2-DA6C-49B2-B3F6-687CCBBCABFB}.Debug|Any CPU.Build.0 = Debug|Any CPU
		{F9F283C2-DA6C-49B2-B3F6-687CCBBCABFB}.Release|Any CPU.ActiveCfg = Release|Any CPU
		{F9F283C2-DA6C-49B2-B3F6-687CCBBCABFB}.Release|Any CPU.Build.0 = Release|Any CPU
	EndGlobalSection
	GlobalSection(SolutionProperties) = preSolution
		HideSolutionNode = FALSE
	EndGlobalSection
	GlobalSection(ExtensibilityGlobals) = postSolution
		SolutionGuid = {3BA8D835-0AFF-425E-AC6A-8291BBAE3A61}
	EndGlobalSection
EndGlobal
